{
  "name": "xskills-playwright-example",
  "lockfileVersion": 3,
  "requires": true,
  "packages": {
    "": {
      "name": "xskills-playwright-example",
      "devDependencies": {
        "@playwright/test": "^1.58.0",
        "@x-skills-for-ai/playwright-adapter": "^1.0.0"
      }
    },
    "../../xskills/packages/playwright-adapter": {
      "name": "@x-skills-for-ai/playwright-adapter",
      "version": "1.0.0",
      "extraneous": true,
      "license": "MIT",
      "devDependencies": {
        "@playwright/test": "^1.41.0",
        "rimraf": "^5.0.0",
        "typescript": "^5.5.4"
      },
      "peerDependencies": {
        "@playwright/test": ">=1.41.0",
        "@x-skills-for-ai/core": ">=1.0.0"
      }
    },
    "node_modules/@playwright/test": {
      "version": "1.58.0",
      "resolved": "https://registry.npmjs.org/@playwright/test/-/test-1.58.0.tgz",
      "integrity": "sha512-fWza+Lpbj6SkQKCrU6si4iu+fD2dD3gxNHFhUPxsfXBPhnv3rRSQVd0NtBUT9Z/RhF/boCBcuUaMUSTRTopjZg==",
      "dev": true,
      "license": "Apache-2.0",
      "dependencies": {
        "playwright": "1.58.0"
      },
      "bin": {
        "playwright": "cli.js"
      },
      "engines": {
        "node": ">=18"
      }
    },
    "node_modules/@x-skills-for-ai/core": {
      "version": "1.0.1",
      "resolved": "https://registry.npmjs.org/@x-skills-for-ai/core/-/core-1.0.1.tgz",
      "integrity": "sha512-FoCnb5yh/mJcetqs9YkSA+MI5FynFiFFTeEYQnsap6qV2pRpGNiLAjV+J2dyx4lqz24KDJ53Hj9NPS8TrktWJg==",
      "dev": true,
      "license": "MIT",
      "peer": true
    },
    "node_modules/@x-skills-for-ai/playwright-adapter": {
      "version": "1.0.0",
      "resolved": "https://registry.npmjs.org/@x-skills-for-ai/playwright-adapter/-/playwright-adapter-1.0.0.tgz",
      "integrity": "sha512-+jUOXKOfXLd1KoPuYVY+2GO/9muj0R+Ti/OSvo++Sn03ktetV0lOdjZNnfulYT9UHBOhhG2vBWLpFok6H08YrA==",
      "dev": true,
      "license": "MIT",
      "peerDependencies": {
        "@playwright/test": ">=1.41.0",
        "@x-skills-for-ai/core": ">=1.0.0"
      }
    },
    "node_modules/fsevents": {
      "version": "2.3.2",
      "resolved": "https://registry.npmjs.org/fsevents/-/fsevents-2.3.2.tgz",
      "integrity": "sha512-xiqMQR4xAeHTuB9uWm+fFRcIOgKBMiOBP+eXiyT7jsgVCq1bkVygt00oASowB7EdtpOHaaPgKt812P9ab+DDKA==",
      "dev": true,
      "hasInstallScript": true,
      "license": "MIT",
      "optional": true,
      "os": [
        "darwin"
      ],
      "engines": {
        "node": "^8.16.0 || ^10.6.0 || >=11.0.0"
      }
    },
    "node_modules/playwright": {
      "version": "1.58.0",
      "resolved": "https://registry.npmjs.org/playwright/-/playwright-1.58.0.tgz",
      "integrity": "sha512-2SVA0sbPktiIY/MCOPX8e86ehA/e+tDNq+e5Y8qjKYti2Z/JG7xnronT/TXTIkKbYGWlCbuucZ6dziEgkoEjQQ==",
      "dev": true,
      "license": "Apache-2.0",
      "dependencies": {
        "playwright-core": "1.58.0"
      },
      "bin": {
        "playwright": "cli.js"
      },
      "engines": {
        "node": ">=18"
      },
      "optionalDependencies": {
        "fsevents": "2.3.2"
      }
    },
    "node_modules/playwright-core": {
      "version": "1.58.0",
      "resolved": "https://registry.npmjs.org/playwright-core/-/playwright-core-1.58.0.tgz",
      "integrity": "sha512-aaoB1RWrdNi3//rOeKuMiS65UCcgOVljU46At6eFcOFPFHWtd2weHRRow6z/n+Lec0Lvu0k9ZPKJSjPugikirw==",
      "dev": true,
      "license": "Apache-2.0",
      "bin": {
        "playwright-core": "cli.js"
      },
      "engines": {
        "node": ">=18"
      }
    }
  }
}
